
Microsoft Visual Studio Solution File, Format Version 12.00
# Visual Studio Version 16
VisualStudioVersion = 16.0.29926.136
MinimumVisualStudioVersion = 10.0.40219.1
Project("{FAE04EC0-301F-11D3-BF4B-00C04F79EFBC}") = "UVtools.GUI", "UVtools.GUI\UVtools.GUI.csproj", "{E7389EE3-CF56-464B-9BA1-816B31D1E6FF}"
EndProject
Project("{9A19103F-16F7-4668-BE54-9A1E7A4F7556}") = "UVtools.Parser", "UVtools.Parser\UVtools.Parser.csproj", "{53B884CA-E640-4171-8AA2-03935AC076D2}"
EndProject
Project("{930C7802-8A8C-48F9-8165-68863BCCD9DD}") = "UVtools.InstallerMM", "UVtools.InstallerMM\UVtools.InstallerMM.wixproj", "{E53BAA5D-29A8-4287-B3AA-1AFF5A4BDC6C}"
EndProject
Project("{930C7802-8A8C-48F9-8165-68863BCCD9DD}") = "UVtools.Installer", "UVtools.Installer\UVtools.Installer.wixproj", "{41224896-08E9-4F22-9E56-5F9D46DEC7D2}"
EndProject
Project("{9A19103F-16F7-4668-BE54-9A1E7A4F7556}") = "UVtools.Core", "UVtools.Core\UVtools.Core.csproj", "{7C9927F8-132E-4A37-B894-440E0FD5AA3D}"
EndProject
Project("{FAE04EC0-301F-11D3-BF4B-00C04F79EFBC}") = "UVtools.Terminal", "UVtools.Console\UVtools.Terminal.csproj", "{36E5877E-6AA6-4368-A9EA-46D7C7C90302}"
	ProjectSection(ProjectDependencies) = postProject
		{7C9927F8-132E-4A37-B894-440E0FD5AA3D} = {7C9927F8-132E-4A37-B894-440E0FD5AA3D}
	EndProjectSection
EndProject
Global
	GlobalSection(SolutionConfigurationPlatforms) = preSolution
		Debug|Any CPU = Debug|Any CPU
		Debug|x86 = Debug|x86
		Release|Any CPU = Release|Any CPU
		Release|x86 = Release|x86
	EndGlobalSection
	GlobalSection(ProjectConfigurationPlatforms) = postSolution
		{E7389EE3-CF56-464B-9BA1-816B31D1E6FF}.Debug|Any CPU.ActiveCfg = Debug|Any CPU
		{E7389EE3-CF56-464B-9BA1-816B31D1E6FF}.Debug|Any CPU.Build.0 = Debug|Any CPU
		{E7389EE3-CF56-464B-9BA1-816B31D1E6FF}.Debug|x86.ActiveCfg = Debug|Any CPU
		{E7389EE3-CF56-464B-9BA1-816B31D1E6FF}.Debug|x86.Build.0 = Debug|Any CPU
		{E7389EE3-CF56-464B-9BA1-816B31D1E6FF}.Release|Any CPU.ActiveCfg = Release|Any CPU
		{E7389EE3-CF56-464B-9BA1-816B31D1E6FF}.Release|Any CPU.Build.0 = Release|Any CPU
		{E7389EE3-CF56-464B-9BA1-816B31D1E6FF}.Release|x86.ActiveCfg = Release|Any CPU
		{E7389EE3-CF56-464B-9BA1-816B31D1E6FF}.Release|x86.Build.0 = Release|Any CPU
		{53B884CA-E640-4171-8AA2-03935AC076D2}.Debug|Any CPU.ActiveCfg = Debug|Any CPU
		{53B884CA-E640-4171-8AA2-03935AC076D2}.Debug|Any CPU.Build.0 = Debug|Any CPU
		{53B884CA-E640-4171-8AA2-03935AC076D2}.Debug|x86.ActiveCfg = Debug|Any CPU
		{53B884CA-E640-4171-8AA2-03935AC076D2}.Debug|x86.Build.0 = Debug|Any CPU
		{53B884CA-E640-4171-8AA2-03935AC076D2}.Release|Any CPU.ActiveCfg = Release|Any CPU
		{53B884CA-E640-4171-8AA2-03935AC076D2}.Release|Any CPU.Build.0 = Release|Any CPU
		{53B884CA-E640-4171-8AA2-03935AC076D2}.Release|x86.ActiveCfg = Release|Any CPU
		{53B884CA-E640-4171-8AA2-03935AC076D2}.Release|x86.Build.0 = Release|Any CPU
		{E53BAA5D-29A8-4287-B3AA-1AFF5A4BDC6C}.Debug|Any CPU.ActiveCfg = Debug|x86
		{E53BAA5D-29A8-4287-B3AA-1AFF5A4BDC6C}.Debug|x86.ActiveCfg = Debug|x86
		{E53BAA5D-29A8-4287-B3AA-1AFF5A4BDC6C}.Debug|x86.Build.0 = Debug|x86
		{E53BAA5D-29A8-4287-B3AA-1AFF5A4BDC6C}.Release|Any CPU.ActiveCfg = Release|x86
		{E53BAA5D-29A8-4287-B3AA-1AFF5A4BDC6C}.Release|x86.ActiveCfg = Release|x86
		{E53BAA5D-29A8-4287-B3AA-1AFF5A4BDC6C}.Release|x86.Build.0 = Release|x86
		{41224896-08E9-4F22-9E56-5F9D46DEC7D2}.Debug|Any CPU.ActiveCfg = Debug|x86
		{41224896-08E9-4F22-9E56-5F9D46DEC7D2}.Debug|x86.ActiveCfg = Debug|x86
		{41224896-08E9-4F22-9E56-5F9D46DEC7D2}.Debug|x86.Build.0 = Debug|x86
		{41224896-08E9-4F22-9E56-5F9D46DEC7D2}.Release|Any CPU.ActiveCfg = Release|x86
		{41224896-08E9-4F22-9E56-5F9D46DEC7D2}.Release|x86.ActiveCfg = Release|x86
		{41224896-08E9-4F22-9E56-5F9D46DEC7D2}.Release|x86.Build.0 = Release|x86
		{7C9927F8-132E-4A37-B894-440E0FD5AA3D}.Debug|Any CPU.ActiveCfg = Debug|Any CPU
		{7C9927F8-132E-4A37-B894-440E0FD5AA3D}.Debug|Any CPU.Build.0 = Debug|Any CPU
		{7C9927F8-132E-4A37-B894-440E0FD5AA3D}.Debug|x86.ActiveCfg = Debug|Any CPU
		{7C9927F8-132E-4A37-B894-440E0FD5AA3D}.Debug|x86.Build.0 = Debug|Any CPU
		{7C9927F8-132E-4A37-B894-440E0FD5AA3D}.Release|Any CPU.ActiveCfg = Release|Any CPU
		{7C9927F8-132E-4A37-B894-440E0FD5AA3D}.Release|Any CPU.Build.0 = Release|Any CPU
		{7C9927F8-132E-4A37-B894-440E0FD5AA3D}.Release|x86.ActiveCfg = Release|Any CPU
		{7C9927F8-132E-4A37-B894-440E0FD5AA3D}.Release|x86.Build.0 = Release|Any CPU
		{36E5877E-6AA6-4368-A9EA-46D7C7C90302}.Debug|Any CPU.ActiveCfg = Debug|Any CPU
		{36E5877E-6AA6-4368-A9EA-46D7C7C90302}.Debug|Any CPU.Build.0 = Debug|Any CPU
		{36E5877E-6AA6-4368-A9EA-46D7C7C90302}.Debug|x86.ActiveCfg = Debug|Any CPU
		{36E5877E-6AA6-4368-A9EA-46D7C7C90302}.Debug|x86.Build.0 = Debug|Any CPU
		{36E5877E-6AA6-4368-A9EA-46D7C7C90302}.Release|Any CPU.ActiveCfg = Release|Any CPU
		{36E5877E-6AA6-4368-A9EA-46D7C7C90302}.Release|Any CPU.Build.0 = Release|Any CPU
		{36E5877E-6AA6-4368-A9EA-46D7C7C90302}.Release|x86.ActiveCfg = Release|Any CPU
		{36E5877E-6AA6-4368-A9EA-46D7C7C90302}.Release|x86.Build.0 = Release|Any CPU
	EndGlobalSection
	GlobalSection(SolutionProperties) = preSolution
		HideSolutionNode = FALSE
	EndGlobalSection
	GlobalSection(ExtensibilityGlobals) = postSolution
		SolutionGuid = {E9BEE8D8-E894-49A9-9435-491BF1E26E46}
	EndGlobalSection
EndGlobal
