
Microsoft Visual Studio Solution File, Format Version 12.00
# Visual Studio Version 17
VisualStudioVersion = 17.1.32228.430
MinimumVisualStudioVersion = 10.0.40219.1
Project("{B7DD6F7E-DEF8-4E67-B5B7-07EF123DB6F0}") = "UVtools.Installer", "UVtools.Installer\UVtools.Installer.wixproj", "{41224896-08E9-4F22-9E56-5F9D46DEC7D2}"
EndProject
Project("{9A19103F-16F7-4668-BE54-9A1E7A4F7556}") = "UVtools.Core", "UVtools.Core\UVtools.Core.csproj", "{7C9927F8-132E-4A37-B894-440E0FD5AA3D}"
EndProject
Project("{9A19103F-16F7-4668-BE54-9A1E7A4F7556}") = "UVtools.UI", "UVtools.UI\UVtools.UI.csproj", "{B1B40A7B-D30B-4056-AE6F-C4F0519FD8D4}"
	ProjectSection(ProjectDependencies) = postProject
		{0858E09F-023D-4F9B-A0E9-802C26EF9C0A} = {0858E09F-023D-4F9B-A0E9-802C26EF9C0A}
		{7C9927F8-132E-4A37-B894-440E0FD5AA3D} = {7C9927F8-132E-4A37-B894-440E0FD5AA3D}
	EndProjectSection
EndProject
Project("{9A19103F-16F7-4668-BE54-9A1E7A4F7556}") = "UVtools.ScriptSample", "Scripts\UVtools.ScriptSample\UVtools.ScriptSample.csproj", "{6CCAA18A-8810-42DF-B75B-4160B40B9DD5}"
	ProjectSection(ProjectDependencies) = postProject
		{7C9927F8-132E-4A37-B894-440E0FD5AA3D} = {7C9927F8-132E-4A37-B894-440E0FD5AA3D}
	EndProjectSection
EndProject
Project("{9A19103F-16F7-4668-BE54-9A1E7A4F7556}") = "UVtools.AvaloniaControls", "UVtools.AvaloniaControls\UVtools.AvaloniaControls.csproj", "{0858E09F-023D-4F9B-A0E9-802C26EF9C0A}"
EndProject
Project("{9A19103F-16F7-4668-BE54-9A1E7A4F7556}") = "UVtools.Cmd", "UVtools.Cmd\UVtools.Cmd.csproj", "{D0733F51-0CB1-483B-8F93-36B815FBFFF3}"
EndProject
Project("{2150E333-8FDC-42A3-9474-1A3956D46DE8}") = "build", "build", "{B5BD32D7-3B3E-4254-877C-3353664BC044}"
	ProjectSection(SolutionItems) = preProject
		build\compile.bat = build\compile.bat
		build\compile.sh = build\compile.sh
		build\createRelease.ps1 = build\createRelease.ps1
		build\createRelease.sh = build\createRelease.sh
		build\cvextern.ps1 = build\cvextern.ps1
		build\libcvextern.sh = build\libcvextern.sh
		build\README.md = build\README.md
		build\run.bat = build\run.bat
		build\run.sh = build\run.sh
	EndProjectSection
EndProject
Project("{2150E333-8FDC-42A3-9474-1A3956D46DE8}") = "root", "root", "{E91CEB7A-5EDC-4928-8133-D8F354EF3CE8}"
	ProjectSection(SolutionItems) = preProject
		CHANGELOG.md = CHANGELOG.md
		CREDITS.md = CREDITS.md
		Directory.Build.props = Directory.Build.props
		LICENSE = LICENSE
		README.md = README.md
		RELEASE_NOTES.md = RELEASE_NOTES.md
	EndProjectSection
EndProject
Project("{2150E333-8FDC-42A3-9474-1A3956D46DE8}") = "scripts", "scripts", "{2BE3B5D1-3E9C-451E-A795-40298AFFDE6B}"
	ProjectSection(SolutionItems) = preProject
		Scripts\ImportPrusaSlicerData.ps1 = Scripts\ImportPrusaSlicerData.ps1
		Scripts\install-dependencies.sh = Scripts\install-dependencies.sh
		Scripts\install-uvtools.sh = Scripts\install-uvtools.sh
	EndProjectSection
EndProject
Project("{2150E333-8FDC-42A3-9474-1A3956D46DE8}") = ".github", ".github", "{D606E7A2-219E-4FD1-B269-9F28F0BFC206}"
	ProjectSection(SolutionItems) = preProject
		.github\FUNDING.yml = .github\FUNDING.yml
		.github\PULL_REQUEST_TEMPLATE.md = .github\PULL_REQUEST_TEMPLATE.md
	EndProjectSection
EndProject
Project("{2150E333-8FDC-42A3-9474-1A3956D46DE8}") = "workflows", "workflows", "{21A89D47-FDB1-450D-8703-200EA399B16C}"
	ProjectSection(SolutionItems) = preProject
		.github\workflows\codeql-analysis.yml = .github\workflows\codeql-analysis.yml
		.github\workflows\devskim.yml = .github\workflows\devskim.yml
		.github\workflows\greetings.yml = .github\workflows\greetings.yml
		.github\workflows\package-publish.yml = .github\workflows\package-publish.yml
	EndProjectSection
EndProject
Project("{2150E333-8FDC-42A3-9474-1A3956D46DE8}") = "ISSUE_TEMPLATE", "ISSUE_TEMPLATE", "{2ADDF363-B0A0-40E7-B210-A50F1B04D669}"
	ProjectSection(SolutionItems) = preProject
		.github\ISSUE_TEMPLATE\bug_report.md.old = .github\ISSUE_TEMPLATE\bug_report.md.old
		.github\ISSUE_TEMPLATE\bug_report_form.yml = .github\ISSUE_TEMPLATE\bug_report_form.yml
		.github\ISSUE_TEMPLATE\config.yml = .github\ISSUE_TEMPLATE\config.yml
		.github\ISSUE_TEMPLATE\feature_request.md.old = .github\ISSUE_TEMPLATE\feature_request.md.old
		.github\ISSUE_TEMPLATE\feature_request_form.yml = .github\ISSUE_TEMPLATE\feature_request_form.yml
	EndProjectSection
EndProject
Global
	GlobalSection(SolutionConfigurationPlatforms) = preSolution
		Debug|Any CPU = Debug|Any CPU
		Debug|ARM64 = Debug|ARM64
		Debug|x64 = Debug|x64
		Release|Any CPU = Release|Any CPU
		Release|ARM64 = Release|ARM64
		Release|x64 = Release|x64
	EndGlobalSection
	GlobalSection(ProjectConfigurationPlatforms) = postSolution
		{41224896-08E9-4F22-9E56-5F9D46DEC7D2}.Debug|Any CPU.ActiveCfg = Debug|Any CPU
		{41224896-08E9-4F22-9E56-5F9D46DEC7D2}.Debug|ARM64.ActiveCfg = Debug|ARM64
		{41224896-08E9-4F22-9E56-5F9D46DEC7D2}.Debug|x64.ActiveCfg = Debug|x64
		{41224896-08E9-4F22-9E56-5F9D46DEC7D2}.Release|Any CPU.ActiveCfg = Release|Any CPU
		{41224896-08E9-4F22-9E56-5F9D46DEC7D2}.Release|Any CPU.Build.0 = Release|Any CPU
		{41224896-08E9-4F22-9E56-5F9D46DEC7D2}.Release|ARM64.ActiveCfg = Release|ARM64
		{41224896-08E9-4F22-9E56-5F9D46DEC7D2}.Release|x64.ActiveCfg = Release|x64
		{7C9927F8-132E-4A37-B894-440E0FD5AA3D}.Debug|Any CPU.ActiveCfg = Debug|Any CPU
		{7C9927F8-132E-4A37-B894-440E0FD5AA3D}.Debug|Any CPU.Build.0 = Debug|Any CPU
		{7C9927F8-132E-4A37-B894-440E0FD5AA3D}.Debug|ARM64.ActiveCfg = Debug|ARM64
		{7C9927F8-132E-4A37-B894-440E0FD5AA3D}.Debug|ARM64.Build.0 = Debug|ARM64
		{7C9927F8-132E-4A37-B894-440E0FD5AA3D}.Debug|x64.ActiveCfg = Debug|x64
		{7C9927F8-132E-4A37-B894-440E0FD5AA3D}.Debug|x64.Build.0 = Debug|x64
		{7C9927F8-132E-4A37-B894-440E0FD5AA3D}.Release|Any CPU.ActiveCfg = Release|Any CPU
		{7C9927F8-132E-4A37-B894-440E0FD5AA3D}.Release|Any CPU.Build.0 = Release|Any CPU
		{7C9927F8-132E-4A37-B894-440E0FD5AA3D}.Release|ARM64.ActiveCfg = Release|ARM64
		{7C9927F8-132E-4A37-B894-440E0FD5AA3D}.Release|ARM64.Build.0 = Release|ARM64
		{7C9927F8-132E-4A37-B894-440E0FD5AA3D}.Release|x64.ActiveCfg = Release|x64
		{7C9927F8-132E-4A37-B894-440E0FD5AA3D}.Release|x64.Build.0 = Release|x64
		{B1B40A7B-D30B-4056-AE6F-C4F0519FD8D4}.Debug|Any CPU.ActiveCfg = Debug|Any CPU
		{B1B40A7B-D30B-4056-AE6F-C4F0519FD8D4}.Debug|Any CPU.Build.0 = Debug|Any CPU
		{B1B40A7B-D30B-4056-AE6F-C4F0519FD8D4}.Debug|ARM64.ActiveCfg = Debug|ARM64
		{B1B40A7B-D30B-4056-AE6F-C4F0519FD8D4}.Debug|ARM64.Build.0 = Debug|ARM64
		{B1B40A7B-D30B-4056-AE6F-C4F0519FD8D4}.Debug|x64.ActiveCfg = Debug|x64
		{B1B40A7B-D30B-4056-AE6F-C4F0519FD8D4}.Debug|x64.Build.0 = Debug|x64
		{B1B40A7B-D30B-4056-AE6F-C4F0519FD8D4}.Release|Any CPU.ActiveCfg = Release|Any CPU
		{B1B40A7B-D30B-4056-AE6F-C4F0519FD8D4}.Release|Any CPU.Build.0 = Release|Any CPU
		{B1B40A7B-D30B-4056-AE6F-C4F0519FD8D4}.Release|ARM64.ActiveCfg = Release|ARM64
		{B1B40A7B-D30B-4056-AE6F-C4F0519FD8D4}.Release|ARM64.Build.0 = Release|ARM64
		{B1B40A7B-D30B-4056-AE6F-C4F0519FD8D4}.Release|x64.ActiveCfg = Release|x64
		{B1B40A7B-D30B-4056-AE6F-C4F0519FD8D4}.Release|x64.Build.0 = Release|x64
		{6CCAA18A-8810-42DF-B75B-4160B40B9DD5}.Debug|Any CPU.ActiveCfg = Debug|Any CPU
		{6CCAA18A-8810-42DF-B75B-4160B40B9DD5}.Debug|Any CPU.Build.0 = Debug|Any CPU
		{6CCAA18A-8810-42DF-B75B-4160B40B9DD5}.Debug|ARM64.ActiveCfg = Debug|ARM64
		{6CCAA18A-8810-42DF-B75B-4160B40B9DD5}.Debug|ARM64.Build.0 = Debug|ARM64
		{6CCAA18A-8810-42DF-B75B-4160B40B9DD5}.Debug|x64.ActiveCfg = Debug|x64
		{6CCAA18A-8810-42DF-B75B-4160B40B9DD5}.Debug|x64.Build.0 = Debug|x64
		{6CCAA18A-8810-42DF-B75B-4160B40B9DD5}.Release|Any CPU.ActiveCfg = Release|Any CPU
		{6CCAA18A-8810-42DF-B75B-4160B40B9DD5}.Release|Any CPU.Build.0 = Release|Any CPU
		{6CCAA18A-8810-42DF-B75B-4160B40B9DD5}.Release|ARM64.ActiveCfg = Release|ARM64
		{6CCAA18A-8810-42DF-B75B-4160B40B9DD5}.Release|ARM64.Build.0 = Release|ARM64
		{6CCAA18A-8810-42DF-B75B-4160B40B9DD5}.Release|x64.ActiveCfg = Release|x64
		{6CCAA18A-8810-42DF-B75B-4160B40B9DD5}.Release|x64.Build.0 = Release|x64
		{0858E09F-023D-4F9B-A0E9-802C26EF9C0A}.Debug|Any CPU.ActiveCfg = Debug|Any CPU
		{0858E09F-023D-4F9B-A0E9-802C26EF9C0A}.Debug|Any CPU.Build.0 = Debug|Any CPU
		{0858E09F-023D-4F9B-A0E9-802C26EF9C0A}.Debug|ARM64.ActiveCfg = Debug|ARM64
		{0858E09F-023D-4F9B-A0E9-802C26EF9C0A}.Debug|ARM64.Build.0 = Debug|ARM64
		{0858E09F-023D-4F9B-A0E9-802C26EF9C0A}.Debug|x64.ActiveCfg = Debug|x64
		{0858E09F-023D-4F9B-A0E9-802C26EF9C0A}.Debug|x64.Build.0 = Debug|x64
		{0858E09F-023D-4F9B-A0E9-802C26EF9C0A}.Release|Any CPU.ActiveCfg = Release|Any CPU
		{0858E09F-023D-4F9B-A0E9-802C26EF9C0A}.Release|Any CPU.Build.0 = Release|Any CPU
		{0858E09F-023D-4F9B-A0E9-802C26EF9C0A}.Release|ARM64.ActiveCfg = Release|ARM64
		{0858E09F-023D-4F9B-A0E9-802C26EF9C0A}.Release|ARM64.Build.0 = Release|ARM64
		{0858E09F-023D-4F9B-A0E9-802C26EF9C0A}.Release|x64.ActiveCfg = Release|x64
		{0858E09F-023D-4F9B-A0E9-802C26EF9C0A}.Release|x64.Build.0 = Release|x64
		{D0733F51-0CB1-483B-8F93-36B815FBFFF3}.Debug|Any CPU.ActiveCfg = Debug|Any CPU
		{D0733F51-0CB1-483B-8F93-36B815FBFFF3}.Debug|Any CPU.Build.0 = Debug|Any CPU
		{D0733F51-0CB1-483B-8F93-36B815FBFFF3}.Debug|ARM64.ActiveCfg = Debug|ARM64
		{D0733F51-0CB1-483B-8F93-36B815FBFFF3}.Debug|ARM64.Build.0 = Debug|ARM64
		{D0733F51-0CB1-483B-8F93-36B815FBFFF3}.Debug|x64.ActiveCfg = Debug|x64
		{D0733F51-0CB1-483B-8F93-36B815FBFFF3}.Debug|x64.Build.0 = Debug|x64
		{D0733F51-0CB1-483B-8F93-36B815FBFFF3}.Release|Any CPU.ActiveCfg = Release|Any CPU
		{D0733F51-0CB1-483B-8F93-36B815FBFFF3}.Release|Any CPU.Build.0 = Release|Any CPU
		{D0733F51-0CB1-483B-8F93-36B815FBFFF3}.Release|ARM64.ActiveCfg = Release|ARM64
		{D0733F51-0CB1-483B-8F93-36B815FBFFF3}.Release|ARM64.Build.0 = Release|ARM64
		{D0733F51-0CB1-483B-8F93-36B815FBFFF3}.Release|x64.ActiveCfg = Release|x64
		{D0733F51-0CB1-483B-8F93-36B815FBFFF3}.Release|x64.Build.0 = Release|x64
	EndGlobalSection
	GlobalSection(SolutionProperties) = preSolution
		HideSolutionNode = FALSE
	EndGlobalSection
	GlobalSection(NestedProjects) = preSolution
		{B5BD32D7-3B3E-4254-877C-3353664BC044} = {E91CEB7A-5EDC-4928-8133-D8F354EF3CE8}
		{2BE3B5D1-3E9C-451E-A795-40298AFFDE6B} = {E91CEB7A-5EDC-4928-8133-D8F354EF3CE8}
		{D606E7A2-219E-4FD1-B269-9F28F0BFC206} = {E91CEB7A-5EDC-4928-8133-D8F354EF3CE8}
		{21A89D47-FDB1-450D-8703-200EA399B16C} = {D606E7A2-219E-4FD1-B269-9F28F0BFC206}
		{2ADDF363-B0A0-40E7-B210-A50F1B04D669} = {D606E7A2-219E-4FD1-B269-9F28F0BFC206}
	EndGlobalSection
	GlobalSection(ExtensibilityGlobals) = postSolution
		SolutionGuid = {E9BEE8D8-E894-49A9-9435-491BF1E26E46}
	EndGlobalSection
EndGlobal
